
Microsoft Visual Studio Solution File, Format Version 12.00
# Visual Studio 14
VisualStudioVersion = 14.0.23107.0
MinimumVisualStudioVersion = 10.0.40219.1
Project("{FAE04EC0-301F-11D3-BF4B-00C04F79EFBC}") = "FundManagement", "FundManagement\FundManagement.csproj", "{A0CA0FA6-1310-455D-835B-69CC4285C0BD}"
EndProject
Project("{FAE04EC0-301F-11D3-BF4B-00C04F79EFBC}") = "FundManagementLib", "FundManagementLib\FundManagementLib.csproj", "{0B9A46CA-DBF8-49EE-8F3B-1F5651B332B9}"
EndProject
Project("{FAE04EC0-301F-11D3-BF4B-00C04F79EFBC}") = "FundManagementTest", "FundManagementTest\FundManagementTest.csproj", "{20FECCF5-3423-4A76-9821-2AB4814ADFB6}"
EndProject
Global
	GlobalSection(SolutionConfigurationPlatforms) = preSolution
		Debug|Any CPU = Debug|Any CPU
		Release|Any CPU = Release|Any CPU
	EndGlobalSection
	GlobalSection(ProjectConfigurationPlatforms) = postSolution
		{A0CA0FA6-1310-455D-835B-69CC4285C0BD}.Debug|Any CPU.ActiveCfg = Debug|Any CPU
		{A0CA0FA6-1310-455D-835B-69CC4285C0BD}.Debug|Any CPU.Build.0 = Debug|Any CPU
		{A0CA0FA6-1310-455D-835B-69CC4285C0BD}.Release|Any CPU.ActiveCfg = Release|Any CPU
		{A0CA0FA6-1310-455D-835B-69CC4285C0BD}.Release|Any CPU.Build.0 = Release|Any CPU
		{0B9A46CA-DBF8-49EE-8F3B-1F5651B332B9}.Debug|Any CPU.ActiveCfg = Debug|Any CPU
		{0B9A46CA-DBF8-49EE-8F3B-1F5651B332B9}.Debug|Any CPU.Build.0 = Debug|Any CPU
		{0B9A46CA-DBF8-49EE-8F3B-1F5651B332B9}.Release|Any CPU.ActiveCfg = Release|Any CPU
		{0B9A46CA-DBF8-49EE-8F3B-1F5651B332B9}.Release|Any CPU.Build.0 = Release|Any CPU
		{20FECCF5-3423-4A76-9821-2AB4814ADFB6}.Debug|Any CPU.ActiveCfg = Debug|Any CPU
		{20FECCF5-3423-4A76-9821-2AB4814ADFB6}.Debug|Any CPU.Build.0 = Debug|Any CPU
		{20FECCF5-3423-4A76-9821-2AB4814ADFB6}.Release|Any CPU.ActiveCfg = Release|Any CPU
		{20FECCF5-3423-4A76-9821-2AB4814ADFB6}.Release|Any CPU.Build.0 = Release|Any CPU
	EndGlobalSection
	GlobalSection(SolutionProperties) = preSolution
		HideSolutionNode = FALSE
	EndGlobalSection
EndGlobal
